
Microsoft Visual Studio Solution File, Format Version 12.00
# Visual Studio 15
VisualStudioVersion = 15.0.27703.2042
MinimumVisualStudioVersion = 10.0.40219.1
Project("{FAE04EC0-301F-11D3-BF4B-00C04F79EFBC}") = "KLAConference", "KLAConference\KLAConference.csproj", "{69DA6323-8D5B-4240-BD7D-D5D6DAFB1CE8}"
EndProject
Project("{FAE04EC0-301F-11D3-BF4B-00C04F79EFBC}") = "KLAAngularUI", "KLAAngularUI\KLAAngularUI.csproj", "{C983FD85-658B-416F-AE76-1F216E92926B}"
EndProject
Global
	GlobalSection(SolutionConfigurationPlatforms) = preSolution
		Debug|Any CPU = Debug|Any CPU
		Release|Any CPU = Release|Any CPU
	EndGlobalSection
	GlobalSection(ProjectConfigurationPlatforms) = postSolution
		{69DA6323-8D5B-4240-BD7D-D5D6DAFB1CE8}.Debug|Any CPU.ActiveCfg = Debug|Any CPU
		{69DA6323-8D5B-4240-BD7D-D5D6DAFB1CE8}.Debug|Any CPU.Build.0 = Debug|Any CPU
		{69DA6323-8D5B-4240-BD7D-D5D6DAFB1CE8}.Release|Any CPU.ActiveCfg = Release|Any CPU
		{69DA6323-8D5B-4240-BD7D-D5D6DAFB1CE8}.Release|Any CPU.Build.0 = Release|Any CPU
		{C983FD85-658B-416F-AE76-1F216E92926B}.Debug|Any CPU.ActiveCfg = Debug|Any CPU
		{C983FD85-658B-416F-AE76-1F216E92926B}.Debug|Any CPU.Build.0 = Debug|Any CPU
		{C983FD85-658B-416F-AE76-1F216E92926B}.Release|Any CPU.ActiveCfg = Release|Any CPU
		{C983FD85-658B-416F-AE76-1F216E92926B}.Release|Any CPU.Build.0 = Release|Any CPU
	EndGlobalSection
	GlobalSection(SolutionProperties) = preSolution
		HideSolutionNode = FALSE
	EndGlobalSection
	GlobalSection(ExtensibilityGlobals) = postSolution
		SolutionGuid = {EA9708C6-2AAC-4894-A8FA-EA5E7B0311DB}
	EndGlobalSection
EndGlobal
